<Solution>
  <Folder Name="/src/">
    <Project Path="src/ThreeDTilesLink.Cli/ThreeDTilesLink.Cli.csproj" />
    <Project Path="src/ThreeDTilesLink.Core/ThreeDTilesLink.Core.csproj" />
  </Folder>
  <Folder Name="/tests/">
    <Project Path="tests/ThreeDTilesLink.Tests/ThreeDTilesLink.Tests.csproj" />
  </Folder>
</Solution>
